
Microsoft Visual Studio Solution File, Format Version 12.00
# Visual Studio Version 17
VisualStudioVersion = 17.11.35327.3
MinimumVisualStudioVersion = 10.0.40219.1
Project("{9A19103F-16F7-4668-BE54-9A1E7A4F7556}") = "crudAPI", "crudAPI.csproj", "{137E9B01-728A-4974-B935-922D81831914}"
EndProject
Global
	GlobalSection(SolutionConfigurationPlatforms) = preSolution
		Debug|Any CPU = Debug|Any CPU
		Release|Any CPU = Release|Any CPU
	EndGlobalSection
	GlobalSection(ProjectConfigurationPlatforms) = postSolution
		{137E9B01-728A-4974-B935-922D81831914}.Debug|Any CPU.ActiveCfg = Debug|Any CPU
		{137E9B01-728A-4974-B935-922D81831914}.Debug|Any CPU.Build.0 = Debug|Any CPU
		{137E9B01-728A-4974-B935-922D81831914}.Release|Any CPU.ActiveCfg = Release|Any CPU
		{137E9B01-728A-4974-B935-922D81831914}.Release|Any CPU.Build.0 = Release|Any CPU
	EndGlobalSection
	GlobalSection(SolutionProperties) = preSolution
		HideSolutionNode = FALSE
	EndGlobalSection
	GlobalSection(ExtensibilityGlobals) = postSolution
		SolutionGuid = {DE228234-1767-4041-A1E9-B72523C032AB}
	EndGlobalSection
EndGlobal
